
Microsoft Visual Studio Solution File, Format Version 12.00
# Visual Studio Version 17
VisualStudioVersion = 17.8.34525.116
MinimumVisualStudioVersion = 10.0.40219.1
Project("{FAE04EC0-301F-11D3-BF4B-00C04F79EFBC}") = "Ejercicios Parcial 1", "Ejercicios Parcial 1\Ejercicios Parcial 1.csproj", "{93A9890B-8597-4F3A-AB51-3DC4415A4F7B}"
EndProject
Global
	GlobalSection(SolutionConfigurationPlatforms) = preSolution
		Debug|Any CPU = Debug|Any CPU
		Release|Any CPU = Release|Any CPU
	EndGlobalSection
	GlobalSection(ProjectConfigurationPlatforms) = postSolution
		{93A9890B-8597-4F3A-AB51-3DC4415A4F7B}.Debug|Any CPU.ActiveCfg = Debug|Any CPU
		{93A9890B-8597-4F3A-AB51-3DC4415A4F7B}.Debug|Any CPU.Build.0 = Debug|Any CPU
		{93A9890B-8597-4F3A-AB51-3DC4415A4F7B}.Release|Any CPU.ActiveCfg = Release|Any CPU
		{93A9890B-8597-4F3A-AB51-3DC4415A4F7B}.Release|Any CPU.Build.0 = Release|Any CPU
	EndGlobalSection
	GlobalSection(SolutionProperties) = preSolution
		HideSolutionNode = FALSE
	EndGlobalSection
	GlobalSection(ExtensibilityGlobals) = postSolution
		SolutionGuid = {58518B7C-E03C-4380-A35D-E751F42A92D1}
	EndGlobalSection
EndGlobal
